
Microsoft Visual Studio Solution File, Format Version 12.00
# Visual Studio Version 17
VisualStudioVersion = 17.0.31903.59
MinimumVisualStudioVersion = 10.0.40219.1
Project("{FAE04EC0-301F-11D3-BF4B-00C04F79EFBC}") = "CurrencyConverterCBR", "CurrencyConverterCBR\CurrencyConverterCBR.csproj", "{D15BA364-11B3-47D4-AE56-9C114D27CF4E}"
EndProject
Global
	GlobalSection(SolutionConfigurationPlatforms) = preSolution
		Debug|Any CPU = Debug|Any CPU
		Release|Any CPU = Release|Any CPU
	EndGlobalSection
	GlobalSection(ProjectConfigurationPlatforms) = postSolution
		{D15BA364-11B3-47D4-AE56-9C114D27CF4E}.Debug|Any CPU.ActiveCfg = Debug|Any CPU
		{D15BA364-11B3-47D4-AE56-9C114D27CF4E}.Debug|Any CPU.Build.0 = Debug|Any CPU
		{D15BA364-11B3-47D4-AE56-9C114D27CF4E}.Release|Any CPU.ActiveCfg = Release|Any CPU
		{D15BA364-11B3-47D4-AE56-9C114D27CF4E}.Release|Any CPU.Build.0 = Release|Any CPU
	EndGlobalSection
	GlobalSection(SolutionProperties) = preSolution
		HideSolutionNode = FALSE
	EndGlobalSection
	GlobalSection(ExtensibilityGlobals) = postSolution
		SolutionGuid = {05EB206A-DBC3-4923-8B33-5282AA47B896}
	EndGlobalSection
EndGlobal
